
Microsoft Visual Studio Solution File, Format Version 12.00
# Visual Studio Version 17
VisualStudioVersion = 17.9.34701.34
MinimumVisualStudioVersion = 10.0.40219.1
Project("{9A19103F-16F7-4668-BE54-9A1E7A4F7556}") = "Ascensor", "Ascensor\Ascensor.csproj", "{7FD129C6-6AC5-4607-9474-CCE78C428E62}"
EndProject
Global
	GlobalSection(SolutionConfigurationPlatforms) = preSolution
		Debug|Any CPU = Debug|Any CPU
		Release|Any CPU = Release|Any CPU
	EndGlobalSection
	GlobalSection(ProjectConfigurationPlatforms) = postSolution
		{7FD129C6-6AC5-4607-9474-CCE78C428E62}.Debug|Any CPU.ActiveCfg = Debug|Any CPU
		{7FD129C6-6AC5-4607-9474-CCE78C428E62}.Debug|Any CPU.Build.0 = Debug|Any CPU
		{7FD129C6-6AC5-4607-9474-CCE78C428E62}.Release|Any CPU.ActiveCfg = Release|Any CPU
		{7FD129C6-6AC5-4607-9474-CCE78C428E62}.Release|Any CPU.Build.0 = Release|Any CPU
	EndGlobalSection
	GlobalSection(SolutionProperties) = preSolution
		HideSolutionNode = FALSE
	EndGlobalSection
	GlobalSection(ExtensibilityGlobals) = postSolution
		SolutionGuid = {2E352DAA-2F99-40E7-B2CA-B209DE5E4F09}
	EndGlobalSection
EndGlobal
